// !$*UTF8*$!
{
	archiveVersion = 1;
	classes = {
	};
	objectVersion = 51;
	objects = {

/* Begin PBXBuildFile section */
		6C0560F623BCDAD800270165 /* CurrencySelectorApi.swift in Sources */ = {isa = PBXBuildFile; fileRef = 6C0560F523BCDAD800270165 /* CurrencySelectorApi.swift */; };
		6C50AE3023BBFFF50078AA34 /* AppDelegate.swift in Sources */ = {isa = PBXBuildFile; fileRef = 6C50AE2F23BBFFF50078AA34 /* AppDelegate.swift */; };
		6C50AE3723BBFFF60078AA34 /* Assets.xcassets in Resources */ = {isa = PBXBuildFile; fileRef = 6C50AE3623BBFFF60078AA34 /* Assets.xcassets */; };
		6C50AE3A23BBFFF60078AA34 /* LaunchScreen.storyboard in Resources */ = {isa = PBXBuildFile; fileRef = 6C50AE3823BBFFF60078AA34 /* LaunchScreen.storyboard */; };
		6C50AE4523BBFFF70078AA34 /* AnagramsTests.swift in Sources */ = {isa = PBXBuildFile; fileRef = 6C50AE4423BBFFF70078AA34 /* AnagramsTests.swift */; };
		6C50AE5623BCB59B0078AA34 /* CurrencySelectorResponse.swift in Sources */ = {isa = PBXBuildFile; fileRef = 6C50AE5523BCB59B0078AA34 /* CurrencySelectorResponse.swift */; };
		6C50AE5923BCB6080078AA34 /* CurrencySelectorViewController.swift in Sources */ = {isa = PBXBuildFile; fileRef = 6C50AE5723BCB6080078AA34 /* CurrencySelectorViewController.swift */; };
		6C50AE5A23BCB6080078AA34 /* CurrencySelectorViewController.xib in Resources */ = {isa = PBXBuildFile; fileRef = 6C50AE5823BCB6080078AA34 /* CurrencySelectorViewController.xib */; };
		6C50AE5C23BCB8C80078AA34 /* README.md in Resources */ = {isa = PBXBuildFile; fileRef = 6C50AE5B23BCB8C80078AA34 /* README.md */; };
		6C62493423BCEBFD00C5D0BC /* StringAnagrams.swift in Sources */ = {isa = PBXBuildFile; fileRef = 6C62493323BCEBFD00C5D0BC /* StringAnagrams.swift */; };
		6C62493723BCEDFA00C5D0BC /* CurrencyTableCell.swift in Sources */ = {isa = PBXBuildFile; fileRef = 6C62493523BCEDFA00C5D0BC /* CurrencyTableCell.swift */; };
		6C62493823BCEDFA00C5D0BC /* CurrencyTableCell.xib in Resources */ = {isa = PBXBuildFile; fileRef = 6C62493623BCEDFA00C5D0BC /* CurrencyTableCell.xib */; };
		6C62493A23BCEF4800C5D0BC /* CurrencySelectorViewModel.swift in Sources */ = {isa = PBXBuildFile; fileRef = 6C62493923BCEF4800C5D0BC /* CurrencySelectorViewModel.swift */; };
		6C8EE19923BCDBF700C23BBF /* APIClient.swift in Sources */ = {isa = PBXBuildFile; fileRef = 6C0560EC23BCD93E00270165 /* APIClient.swift */; };
		6C8EE19A23BCDBF700C23BBF /* APIConstants.swift in Sources */ = {isa = PBXBuildFile; fileRef = 6C0560F023BCD93E00270165 /* APIConstants.swift */; };
		6C8EE19C23BCDBF700C23BBF /* NetworkError.swift in Sources */ = {isa = PBXBuildFile; fileRef = 6C0560ED23BCD93E00270165 /* NetworkError.swift */; };
		6C8EE19D23BCDBF700C23BBF /* Pageable.swift in Sources */ = {isa = PBXBuildFile; fileRef = 6C0560EF23BCD93E00270165 /* Pageable.swift */; };
		6C8EE19E23BCDBF700C23BBF /* RequestBuilder.swift in Sources */ = {isa = PBXBuildFile; fileRef = 6C0560EE23BCD93E00270165 /* RequestBuilder.swift */; };
		6C8EE19F23BCDC0000C23BBF /* BundleExtension.swift in Sources */ = {isa = PBXBuildFile; fileRef = 6C0560F323BCDA4100270165 /* BundleExtension.swift */; };
		6C8EE1A023BCDC0000C23BBF /* Logger.swift in Sources */ = {isa = PBXBuildFile; fileRef = 6C0560F423BCDA4100270165 /* Logger.swift */; };
		6C8EE1A223BCDC6000C23BBF /* FibonacciCalculator.swift in Sources */ = {isa = PBXBuildFile; fileRef = 6C8EE1A123BCDC6000C23BBF /* FibonacciCalculator.swift */; };
		6C8EE1A423BCDEC400C23BBF /* FibonacciTests.swift in Sources */ = {isa = PBXBuildFile; fileRef = 6C8EE1A323BCDEC400C23BBF /* FibonacciTests.swift */; };
		A10987EC3252E2CA8AA2BABD /* Pods_CurrencyConverterTests.framework in Frameworks */ = {isa = PBXBuildFile; fileRef = 42BD6DF8D43278F9887CECB8 /* Pods_CurrencyConverterTests.framework */; };
		B942517E3596120BD1742308 /* Pods_CurrencyConverter.framework in Frameworks */ = {isa = PBXBuildFile; fileRef = 6112D99553CB466D81077064 /* Pods_CurrencyConverter.framework */; };
/* End PBXBuildFile section */

/* Begin PBXContainerItemProxy section */
		6C50AE4123BBFFF70078AA34 /* PBXContainerItemProxy */ = {
			isa = PBXContainerItemProxy;
			containerPortal = 6C50AE2423BBFFF50078AA34 /* Project object */;
			proxyType = 1;
			remoteGlobalIDString = 6C50AE2B23BBFFF50078AA34;
			remoteInfo = CurrencyConverter;
		};
/* End PBXContainerItemProxy section */

/* Begin PBXFileReference section */
		42BD6DF8D43278F9887CECB8 /* Pods_CurrencyConverterTests.framework */ = {isa = PBXFileReference; explicitFileType = wrapper.framework; includeInIndex = 0; path = Pods_CurrencyConverterTests.framework; sourceTree = BUILT_PRODUCTS_DIR; };
		51A3885DDB7CCA328B6BBF80 /* Pods-CurrencyConverterTests.debug.xcconfig */ = {isa = PBXFileReference; includeInIndex = 1; lastKnownFileType = text.xcconfig; name = "Pods-CurrencyConverterTests.debug.xcconfig"; path = "Target Support Files/Pods-CurrencyConverterTests/Pods-CurrencyConverterTests.debug.xcconfig"; sourceTree = "<group>"; };
		6112D99553CB466D81077064 /* Pods_CurrencyConverter.framework */ = {isa = PBXFileReference; explicitFileType = wrapper.framework; includeInIndex = 0; path = Pods_CurrencyConverter.framework; sourceTree = BUILT_PRODUCTS_DIR; };
		6C0560EC23BCD93E00270165 /* APIClient.swift */ = {isa = PBXFileReference; lastKnownFileType = sourcecode.swift; path = APIClient.swift; sourceTree = "<group>"; };
		6C0560ED23BCD93E00270165 /* NetworkError.swift */ = {isa = PBXFileReference; lastKnownFileType = sourcecode.swift; path = NetworkError.swift; sourceTree = "<group>"; };
		6C0560EE23BCD93E00270165 /* RequestBuilder.swift */ = {isa = PBXFileReference; lastKnownFileType = sourcecode.swift; path = RequestBuilder.swift; sourceTree = "<group>"; };
		6C0560EF23BCD93E00270165 /* Pageable.swift */ = {isa = PBXFileReference; lastKnownFileType = sourcecode.swift; path = Pageable.swift; sourceTree = "<group>"; };
		6C0560F023BCD93E00270165 /* APIConstants.swift */ = {isa = PBXFileReference; lastKnownFileType = sourcecode.swift; path = APIConstants.swift; sourceTree = "<group>"; };
		6C0560F323BCDA4100270165 /* BundleExtension.swift */ = {isa = PBXFileReference; lastKnownFileType = sourcecode.swift; path = BundleExtension.swift; sourceTree = "<group>"; };
		6C0560F423BCDA4100270165 /* Logger.swift */ = {isa = PBXFileReference; lastKnownFileType = sourcecode.swift; path = Logger.swift; sourceTree = "<group>"; };
		6C0560F523BCDAD800270165 /* CurrencySelectorApi.swift */ = {isa = PBXFileReference; lastKnownFileType = sourcecode.swift; path = CurrencySelectorApi.swift; sourceTree = "<group>"; };
		6C50AE2C23BBFFF50078AA34 /* CurrencyConverter.app */ = {isa = PBXFileReference; explicitFileType = wrapper.application; includeInIndex = 0; path = CurrencyConverter.app; sourceTree = BUILT_PRODUCTS_DIR; };
		6C50AE2F23BBFFF50078AA34 /* AppDelegate.swift */ = {isa = PBXFileReference; lastKnownFileType = sourcecode.swift; path = AppDelegate.swift; sourceTree = "<group>"; };
		6C50AE3623BBFFF60078AA34 /* Assets.xcassets */ = {isa = PBXFileReference; lastKnownFileType = folder.assetcatalog; path = Assets.xcassets; sourceTree = "<group>"; };
		6C50AE3923BBFFF60078AA34 /* Base */ = {isa = PBXFileReference; lastKnownFileType = file.storyboard; name = Base; path = Base.lproj/LaunchScreen.storyboard; sourceTree = "<group>"; };
		6C50AE3B23BBFFF60078AA34 /* Info.plist */ = {isa = PBXFileReference; lastKnownFileType = text.plist.xml; path = Info.plist; sourceTree = "<group>"; };
		6C50AE4023BBFFF70078AA34 /* CurrencyConverterTests.xctest */ = {isa = PBXFileReference; explicitFileType = wrapper.cfbundle; includeInIndex = 0; path = CurrencyConverterTests.xctest; sourceTree = BUILT_PRODUCTS_DIR; };
		6C50AE4423BBFFF70078AA34 /* AnagramsTests.swift */ = {isa = PBXFileReference; lastKnownFileType = sourcecode.swift; path = AnagramsTests.swift; sourceTree = "<group>"; };
		6C50AE4623BBFFF70078AA34 /* Info.plist */ = {isa = PBXFileReference; lastKnownFileType = text.plist.xml; path = Info.plist; sourceTree = "<group>"; };
		6C50AE5523BCB59B0078AA34 /* CurrencySelectorResponse.swift */ = {isa = PBXFileReference; lastKnownFileType = sourcecode.swift; path = CurrencySelectorResponse.swift; sourceTree = "<group>"; };
		6C50AE5723BCB6080078AA34 /* CurrencySelectorViewController.swift */ = {isa = PBXFileReference; lastKnownFileType = sourcecode.swift; path = CurrencySelectorViewController.swift; sourceTree = "<group>"; };
		6C50AE5823BCB6080078AA34 /* CurrencySelectorViewController.xib */ = {isa = PBXFileReference; lastKnownFileType = file.xib; path = CurrencySelectorViewController.xib; sourceTree = "<group>"; };
		6C50AE5B23BCB8C80078AA34 /* README.md */ = {isa = PBXFileReference; fileEncoding = 4; lastKnownFileType = net.daringfireball.markdown; path = README.md; sourceTree = "<group>"; };
		6C62493323BCEBFD00C5D0BC /* StringAnagrams.swift */ = {isa = PBXFileReference; lastKnownFileType = sourcecode.swift; path = StringAnagrams.swift; sourceTree = "<group>"; };
		6C62493523BCEDFA00C5D0BC /* CurrencyTableCell.swift */ = {isa = PBXFileReference; lastKnownFileType = sourcecode.swift; path = CurrencyTableCell.swift; sourceTree = "<group>"; };
		6C62493623BCEDFA00C5D0BC /* CurrencyTableCell.xib */ = {isa = PBXFileReference; lastKnownFileType = file.xib; path = CurrencyTableCell.xib; sourceTree = "<group>"; };
		6C62493923BCEF4800C5D0BC /* CurrencySelectorViewModel.swift */ = {isa = PBXFileReference; lastKnownFileType = sourcecode.swift; path = CurrencySelectorViewModel.swift; sourceTree = "<group>"; };
		6C8EE1A123BCDC6000C23BBF /* FibonacciCalculator.swift */ = {isa = PBXFileReference; lastKnownFileType = sourcecode.swift; path = FibonacciCalculator.swift; sourceTree = "<group>"; };
		6C8EE1A323BCDEC400C23BBF /* FibonacciTests.swift */ = {isa = PBXFileReference; lastKnownFileType = sourcecode.swift; path = FibonacciTests.swift; sourceTree = "<group>"; };
		A311CB9BEED43BA7F87EB4B2 /* Pods-CurrencyConverter.release.xcconfig */ = {isa = PBXFileReference; includeInIndex = 1; lastKnownFileType = text.xcconfig; name = "Pods-CurrencyConverter.release.xcconfig"; path = "Target Support Files/Pods-CurrencyConverter/Pods-CurrencyConverter.release.xcconfig"; sourceTree = "<group>"; };
		AFF49CC754B3809F34233195 /* Pods-CurrencyConverter.debug.xcconfig */ = {isa = PBXFileReference; includeInIndex = 1; lastKnownFileType = text.xcconfig; name = "Pods-CurrencyConverter.debug.xcconfig"; path = "Target Support Files/Pods-CurrencyConverter/Pods-CurrencyConverter.debug.xcconfig"; sourceTree = "<group>"; };
		F5D65E0D00897C3D2145588D /* Pods-CurrencyConverterTests.release.xcconfig */ = {isa = PBXFileReference; includeInIndex = 1; lastKnownFileType = text.xcconfig; name = "Pods-CurrencyConverterTests.release.xcconfig"; path = "Target Support Files/Pods-CurrencyConverterTests/Pods-CurrencyConverterTests.release.xcconfig"; sourceTree = "<group>"; };
/* End PBXFileReference section */

/* Begin PBXFrameworksBuildPhase section */
		6C50AE2923BBFFF50078AA34 /* Frameworks */ = {
			isa = PBXFrameworksBuildPhase;
			buildActionMask = 2147483647;
			files = (
				B942517E3596120BD1742308 /* Pods_CurrencyConverter.framework in Frameworks */,
			);
			runOnlyForDeploymentPostprocessing = 0;
		};
		6C50AE3D23BBFFF70078AA34 /* Frameworks */ = {
			isa = PBXFrameworksBuildPhase;
			buildActionMask = 2147483647;
			files = (
				A10987EC3252E2CA8AA2BABD /* Pods_CurrencyConverterTests.framework in Frameworks */,
			);
			runOnlyForDeploymentPostprocessing = 0;
		};
/* End PBXFrameworksBuildPhase section */

/* Begin PBXGroup section */
		44F28CD2134DC1E9B81C1E8C /* Frameworks */ = {
			isa = PBXGroup;
			children = (
				6112D99553CB466D81077064 /* Pods_CurrencyConverter.framework */,
				42BD6DF8D43278F9887CECB8 /* Pods_CurrencyConverterTests.framework */,
			);
			name = Frameworks;
			sourceTree = "<group>";
		};
		6C0560EB23BCB9B100270165 /* Modules */ = {
			isa = PBXGroup;
			children = (
				6C50AE5323BCB2BB0078AA34 /* network module */,
				6C50AE5223BCB2A70078AA34 /* currency converter */,
				6C50AE5123BCB2A00078AA34 /* fibonacci problem */,
				6C50AE5023BCB2950078AA34 /* arthmatic problem */,
				6C50AE4F23BCB28C0078AA34 /* anagrams problem */,
			);
			path = Modules;
			sourceTree = "<group>";
		};
		6C0560F223BCD98100270165 /* Extensions */ = {
			isa = PBXGroup;
			children = (
				6C0560F323BCDA4100270165 /* BundleExtension.swift */,
				6C0560F423BCDA4100270165 /* Logger.swift */,
			);
			path = Extensions;
			sourceTree = "<group>";
		};
		6C50AE2323BBFFF50078AA34 = {
			isa = PBXGroup;
			children = (
				6C50AE5B23BCB8C80078AA34 /* README.md */,
				6C50AE2E23BBFFF50078AA34 /* CurrencyConverter */,
				6C50AE4323BBFFF70078AA34 /* CurrencyConverterTests */,
				6C50AE2D23BBFFF50078AA34 /* Products */,
				A0124B996AD179A9D3308222 /* Pods */,
				44F28CD2134DC1E9B81C1E8C /* Frameworks */,
			);
			sourceTree = "<group>";
		};
		6C50AE2D23BBFFF50078AA34 /* Products */ = {
			isa = PBXGroup;
			children = (
				6C50AE2C23BBFFF50078AA34 /* CurrencyConverter.app */,
				6C50AE4023BBFFF70078AA34 /* CurrencyConverterTests.xctest */,
			);
			name = Products;
			sourceTree = "<group>";
		};
		6C50AE2E23BBFFF50078AA34 /* CurrencyConverter */ = {
			isa = PBXGroup;
			children = (
				6C0560F223BCD98100270165 /* Extensions */,
				6C0560EB23BCB9B100270165 /* Modules */,
				6C50AE2F23BBFFF50078AA34 /* AppDelegate.swift */,
				6C50AE3623BBFFF60078AA34 /* Assets.xcassets */,
				6C50AE3823BBFFF60078AA34 /* LaunchScreen.storyboard */,
				6C50AE3B23BBFFF60078AA34 /* Info.plist */,
			);
			path = CurrencyConverter;
			sourceTree = "<group>";
		};
		6C50AE4323BBFFF70078AA34 /* CurrencyConverterTests */ = {
			isa = PBXGroup;
			children = (
				6C8EE1A323BCDEC400C23BBF /* FibonacciTests.swift */,
				6C50AE4423BBFFF70078AA34 /* AnagramsTests.swift */,
				6C50AE4623BBFFF70078AA34 /* Info.plist */,
			);
			path = CurrencyConverterTests;
			sourceTree = "<group>";
		};
		6C50AE4F23BCB28C0078AA34 /* anagrams problem */ = {
			isa = PBXGroup;
			children = (
				6C62493323BCEBFD00C5D0BC /* StringAnagrams.swift */,
			);
			path = "anagrams problem";
			sourceTree = "<group>";
		};
		6C50AE5023BCB2950078AA34 /* arthmatic problem */ = {
			isa = PBXGroup;
			children = (
			);
			path = "arthmatic problem";
			sourceTree = "<group>";
		};
		6C50AE5123BCB2A00078AA34 /* fibonacci problem */ = {
			isa = PBXGroup;
			children = (
				6C8EE1A123BCDC6000C23BBF /* FibonacciCalculator.swift */,
			);
			path = "fibonacci problem";
			sourceTree = "<group>";
		};
		6C50AE5223BCB2A70078AA34 /* currency converter */ = {
			isa = PBXGroup;
			children = (
				6C50AE5423BCB5790078AA34 /* converter scene */,
			);
			path = "currency converter";
			sourceTree = "<group>";
		};
		6C50AE5323BCB2BB0078AA34 /* network module */ = {
			isa = PBXGroup;
			children = (
				6C0560EC23BCD93E00270165 /* APIClient.swift */,
				6C0560F023BCD93E00270165 /* APIConstants.swift */,
				6C0560ED23BCD93E00270165 /* NetworkError.swift */,
				6C0560EF23BCD93E00270165 /* Pageable.swift */,
				6C0560EE23BCD93E00270165 /* RequestBuilder.swift */,
			);
			path = "network module";
			sourceTree = "<group>";
		};
		6C50AE5423BCB5790078AA34 /* converter scene */ = {
			isa = PBXGroup;
			children = (
				6C50AE5523BCB59B0078AA34 /* CurrencySelectorResponse.swift */,
				6C50AE5723BCB6080078AA34 /* CurrencySelectorViewController.swift */,
				6C50AE5823BCB6080078AA34 /* CurrencySelectorViewController.xib */,
				6C0560F523BCDAD800270165 /* CurrencySelectorApi.swift */,
				6C62493523BCEDFA00C5D0BC /* CurrencyTableCell.swift */,
				6C62493623BCEDFA00C5D0BC /* CurrencyTableCell.xib */,
				6C62493923BCEF4800C5D0BC /* CurrencySelectorViewModel.swift */,
			);
			path = "converter scene";
			sourceTree = "<group>";
		};
		A0124B996AD179A9D3308222 /* Pods */ = {
			isa = PBXGroup;
			children = (
				AFF49CC754B3809F34233195 /* Pods-CurrencyConverter.debug.xcconfig */,
				A311CB9BEED43BA7F87EB4B2 /* Pods-CurrencyConverter.release.xcconfig */,
				51A3885DDB7CCA328B6BBF80 /* Pods-CurrencyConverterTests.debug.xcconfig */,
				F5D65E0D00897C3D2145588D /* Pods-CurrencyConverterTests.release.xcconfig */,
			);
			path = Pods;
			sourceTree = "<group>";
		};
/* End PBXGroup section */

/* Begin PBXNativeTarget section */
		6C50AE2B23BBFFF50078AA34 /* CurrencyConverter */ = {
			isa = PBXNativeTarget;
			buildConfigurationList = 6C50AE4923BBFFF70078AA34 /* Build configuration list for PBXNativeTarget "CurrencyConverter" */;
			buildPhases = (
				8FC0A6AF43AB3BD866D54A42 /* [CP] Check Pods Manifest.lock */,
				6C50AE2823BBFFF50078AA34 /* Sources */,
				6C50AE2923BBFFF50078AA34 /* Frameworks */,
				6C50AE2A23BBFFF50078AA34 /* Resources */,
				C43A689C98934FF827825EB5 /* [CP] Embed Pods Frameworks */,
			);
			buildRules = (
			);
			dependencies = (
			);
			name = CurrencyConverter;
			productName = CurrencyConverter;
			productReference = 6C50AE2C23BBFFF50078AA34 /* CurrencyConverter.app */;
			productType = "com.apple.product-type.application";
		};
		6C50AE3F23BBFFF70078AA34 /* CurrencyConverterTests */ = {
			isa = PBXNativeTarget;
			buildConfigurationList = 6C50AE4C23BBFFF70078AA34 /* Build configuration list for PBXNativeTarget "CurrencyConverterTests" */;
			buildPhases = (
				F8C3519ED880670F77E10EF6 /* [CP] Check Pods Manifest.lock */,
				6C50AE3C23BBFFF70078AA34 /* Sources */,
				6C50AE3D23BBFFF70078AA34 /* Frameworks */,
				6C50AE3E23BBFFF70078AA34 /* Resources */,
				DE4AD7A818606C7F64EB80A5 /* [CP] Embed Pods Frameworks */,
			);
			buildRules = (
			);
			dependencies = (
				6C50AE4223BBFFF70078AA34 /* PBXTargetDependency */,
			);
			name = CurrencyConverterTests;
			productName = CurrencyConverterTests;
			productReference = 6C50AE4023BBFFF70078AA34 /* CurrencyConverterTests.xctest */;
			productType = "com.apple.product-type.bundle.unit-test";
		};
/* End PBXNativeTarget section */

/* Begin PBXProject section */
		6C50AE2423BBFFF50078AA34 /* Project object */ = {
			isa = PBXProject;
			attributes = {
				LastSwiftUpdateCheck = 1030;
				LastUpgradeCheck = 1030;
				ORGANIZATIONNAME = Abuzeid;
				TargetAttributes = {
					6C50AE2B23BBFFF50078AA34 = {
						CreatedOnToolsVersion = 10.3;
					};
					6C50AE3F23BBFFF70078AA34 = {
						CreatedOnToolsVersion = 10.3;
						TestTargetID = 6C50AE2B23BBFFF50078AA34;
					};
				};
			};
			buildConfigurationList = 6C50AE2723BBFFF50078AA34 /* Build configuration list for PBXProject "CurrencyConverter" */;
			compatibilityVersion = "Xcode 9.3";
			developmentRegion = en;
			hasScannedForEncodings = 0;
			knownRegions = (
				en,
				Base,
			);
			mainGroup = 6C50AE2323BBFFF50078AA34;
			productRefGroup = 6C50AE2D23BBFFF50078AA34 /* Products */;
			projectDirPath = "";
			projectRoot = "";
			targets = (
				6C50AE2B23BBFFF50078AA34 /* CurrencyConverter */,
				6C50AE3F23BBFFF70078AA34 /* CurrencyConverterTests */,
			);
		};
/* End PBXProject section */

/* Begin PBXResourcesBuildPhase section */
		6C50AE2A23BBFFF50078AA34 /* Resources */ = {
			isa = PBXResourcesBuildPhase;
			buildActionMask = 2147483647;
			files = (
				6C62493823BCEDFA00C5D0BC /* CurrencyTableCell.xib in Resources */,
				6C50AE3A23BBFFF60078AA34 /* LaunchScreen.storyboard in Resources */,
				6C50AE5A23BCB6080078AA34 /* CurrencySelectorViewController.xib in Resources */,
				6C50AE5C23BCB8C80078AA34 /* README.md in Resources */,
				6C50AE3723BBFFF60078AA34 /* Assets.xcassets in Resources */,
			);
			runOnlyForDeploymentPostprocessing = 0;
		};
		6C50AE3E23BBFFF70078AA34 /* Resources */ = {
			isa = PBXResourcesBuildPhase;
			buildActionMask = 2147483647;
			files = (
			);
			runOnlyForDeploymentPostprocessing = 0;
		};
/* End PBXResourcesBuildPhase section */

/* Begin PBXShellScriptBuildPhase section */
		8FC0A6AF43AB3BD866D54A42 /* [CP] Check Pods Manifest.lock */ = {
			isa = PBXShellScriptBuildPhase;
			buildActionMask = 2147483647;
			files = (
			);
			inputFileListPaths = (
			);
			inputPaths = (
				"${PODS_PODFILE_DIR_PATH}/Podfile.lock",
				"${PODS_ROOT}/Manifest.lock",
			);
			name = "[CP] Check Pods Manifest.lock";
			outputFileListPaths = (
			);
			outputPaths = (
				"$(DERIVED_FILE_DIR)/Pods-CurrencyConverter-checkManifestLockResult.txt",
			);
			runOnlyForDeploymentPostprocessing = 0;
			shellPath = /bin/sh;
			shellScript = "diff \"${PODS_PODFILE_DIR_PATH}/Podfile.lock\" \"${PODS_ROOT}/Manifest.lock\" > /dev/null\nif [ $? != 0 ] ; then\n    # print error to STDERR\n    echo \"error: The sandbox is not in sync with the Podfile.lock. Run 'pod install' or update your CocoaPods installation.\" >&2\n    exit 1\nfi\n# This output is used by Xcode 'outputs' to avoid re-running this script phase.\necho \"SUCCESS\" > \"${SCRIPT_OUTPUT_FILE_0}\"\n";
			showEnvVarsInLog = 0;
		};
		C43A689C98934FF827825EB5 /* [CP] Embed Pods Frameworks */ = {
			isa = PBXShellScriptBuildPhase;
			buildActionMask = 2147483647;
			files = (
			);
			inputFileListPaths = (
				"${PODS_ROOT}/Target Support Files/Pods-CurrencyConverter/Pods-CurrencyConverter-frameworks-${CONFIGURATION}-input-files.xcfilelist",
			);
			name = "[CP] Embed Pods Frameworks";
			outputFileListPaths = (
				"${PODS_ROOT}/Target Support Files/Pods-CurrencyConverter/Pods-CurrencyConverter-frameworks-${CONFIGURATION}-output-files.xcfilelist",
			);
			runOnlyForDeploymentPostprocessing = 0;
			shellPath = /bin/sh;
			shellScript = "\"${PODS_ROOT}/Target Support Files/Pods-CurrencyConverter/Pods-CurrencyConverter-frameworks.sh\"\n";
			showEnvVarsInLog = 0;
		};
		DE4AD7A818606C7F64EB80A5 /* [CP] Embed Pods Frameworks */ = {
			isa = PBXShellScriptBuildPhase;
			buildActionMask = 2147483647;
			files = (
			);
			inputFileListPaths = (
				"${PODS_ROOT}/Target Support Files/Pods-CurrencyConverterTests/Pods-CurrencyConverterTests-frameworks-${CONFIGURATION}-input-files.xcfilelist",
			);
			name = "[CP] Embed Pods Frameworks";
			outputFileListPaths = (
				"${PODS_ROOT}/Target Support Files/Pods-CurrencyConverterTests/Pods-CurrencyConverterTests-frameworks-${CONFIGURATION}-output-files.xcfilelist",
			);
			runOnlyForDeploymentPostprocessing = 0;
			shellPath = /bin/sh;
			shellScript = "\"${PODS_ROOT}/Target Support Files/Pods-CurrencyConverterTests/Pods-CurrencyConverterTests-frameworks.sh\"\n";
			showEnvVarsInLog = 0;
		};
		F8C3519ED880670F77E10EF6 /* [CP] Check Pods Manifest.lock */ = {
			isa = PBXShellScriptBuildPhase;
			buildActionMask = 2147483647;
			files = (
			);
			inputFileListPaths = (
			);
			inputPaths = (
				"${PODS_PODFILE_DIR_PATH}/Podfile.lock",
				"${PODS_ROOT}/Manifest.lock",
			);
			name = "[CP] Check Pods Manifest.lock";
			outputFileListPaths = (
			);
			outputPaths = (
				"$(DERIVED_FILE_DIR)/Pods-CurrencyConverterTests-checkManifestLockResult.txt",
			);
			runOnlyForDeploymentPostprocessing = 0;
			shellPath = /bin/sh;
			shellScript = "diff \"${PODS_PODFILE_DIR_PATH}/Podfile.lock\" \"${PODS_ROOT}/Manifest.lock\" > /dev/null\nif [ $? != 0 ] ; then\n    # print error to STDERR\n    echo \"error: The sandbox is not in sync with the Podfile.lock. Run 'pod install' or update your CocoaPods installation.\" >&2\n    exit 1\nfi\n# This output is used by Xcode 'outputs' to avoid re-running this script phase.\necho \"SUCCESS\" > \"${SCRIPT_OUTPUT_FILE_0}\"\n";
			showEnvVarsInLog = 0;
		};
/* End PBXShellScriptBuildPhase section */

/* Begin PBXSourcesBuildPhase section */
		6C50AE2823BBFFF50078AA34 /* Sources */ = {
			isa = PBXSourcesBuildPhase;
			buildActionMask = 2147483647;
			files = (
				6C8EE1A223BCDC6000C23BBF /* FibonacciCalculator.swift in Sources */,
				6C62493423BCEBFD00C5D0BC /* StringAnagrams.swift in Sources */,
				6C50AE3023BBFFF50078AA34 /* AppDelegate.swift in Sources */,
				6C8EE19C23BCDBF700C23BBF /* NetworkError.swift in Sources */,
				6C50AE5623BCB59B0078AA34 /* CurrencySelectorResponse.swift in Sources */,
				6C8EE19A23BCDBF700C23BBF /* APIConstants.swift in Sources */,
				6C8EE19E23BCDBF700C23BBF /* RequestBuilder.swift in Sources */,
				6C62493A23BCEF4800C5D0BC /* CurrencySelectorViewModel.swift in Sources */,
				6C0560F623BCDAD800270165 /* CurrencySelectorApi.swift in Sources */,
				6C8EE1A023BCDC0000C23BBF /* Logger.swift in Sources */,
				6C8EE19D23BCDBF700C23BBF /* Pageable.swift in Sources */,
				6C8EE19923BCDBF700C23BBF /* APIClient.swift in Sources */,
				6C62493723BCEDFA00C5D0BC /* CurrencyTableCell.swift in Sources */,
				6C50AE5923BCB6080078AA34 /* CurrencySelectorViewController.swift in Sources */,
				6C8EE19F23BCDC0000C23BBF /* BundleExtension.swift in Sources */,
			);
			runOnlyForDeploymentPostprocessing = 0;
		};
		6C50AE3C23BBFFF70078AA34 /* Sources */ = {
			isa = PBXSourcesBuildPhase;
			buildActionMask = 2147483647;
			files = (
				6C8EE1A423BCDEC400C23BBF /* FibonacciTests.swift in Sources */,
				6C50AE4523BBFFF70078AA34 /* AnagramsTests.swift in Sources */,
			);
			runOnlyForDeploymentPostprocessing = 0;
		};
/* End PBXSourcesBuildPhase section */

/* Begin PBXTargetDependency section */
		6C50AE4223BBFFF70078AA34 /* PBXTargetDependency */ = {
			isa = PBXTargetDependency;
			target = 6C50AE2B23BBFFF50078AA34 /* CurrencyConverter */;
			targetProxy = 6C50AE4123BBFFF70078AA34 /* PBXContainerItemProxy */;
		};
/* End PBXTargetDependency section */

/* Begin PBXVariantGroup section */
		6C50AE3823BBFFF60078AA34 /* LaunchScreen.storyboard */ = {
			isa = PBXVariantGroup;
			children = (
				6C50AE3923BBFFF60078AA34 /* Base */,
			);
			name = LaunchScreen.storyboard;
			sourceTree = "<group>";
		};
/* End PBXVariantGroup section */

/* Begin XCBuildConfiguration section */
		6C50AE4723BBFFF70078AA34 /* Debug */ = {
			isa = XCBuildConfiguration;
			buildSettings = {
				ALWAYS_SEARCH_USER_PATHS = NO;
				CLANG_ANALYZER_NONNULL = YES;
				CLANG_ANALYZER_NUMBER_OBJECT_CONVERSION = YES_AGGRESSIVE;
				CLANG_CXX_LANGUAGE_STANDARD = "gnu++14";
				CLANG_CXX_LIBRARY = "libc++";
				CLANG_ENABLE_MODULES = YES;
				CLANG_ENABLE_OBJC_ARC = YES;
				CLANG_ENABLE_OBJC_WEAK = YES;
				CLANG_WARN_BLOCK_CAPTURE_AUTORELEASING = YES;
				CLANG_WARN_BOOL_CONVERSION = YES;
				CLANG_WARN_COMMA = YES;
				CLANG_WARN_CONSTANT_CONVERSION = YES;
				CLANG_WARN_DEPRECATED_OBJC_IMPLEMENTATIONS = YES;
				CLANG_WARN_DIRECT_OBJC_ISA_USAGE = YES_ERROR;
				CLANG_WARN_DOCUMENTATION_COMMENTS = YES;
				CLANG_WARN_EMPTY_BODY = YES;
				CLANG_WARN_ENUM_CONVERSION = YES;
				CLANG_WARN_INFINITE_RECURSION = YES;
				CLANG_WARN_INT_CONVERSION = YES;
				CLANG_WARN_NON_LITERAL_NULL_CONVERSION = YES;
				CLANG_WARN_OBJC_IMPLICIT_RETAIN_SELF = YES;
				CLANG_WARN_OBJC_LITERAL_CONVERSION = YES;
				CLANG_WARN_OBJC_ROOT_CLASS = YES_ERROR;
				CLANG_WARN_RANGE_LOOP_ANALYSIS = YES;
				CLANG_WARN_STRICT_PROTOTYPES = YES;
				CLANG_WARN_SUSPICIOUS_MOVE = YES;
				CLANG_WARN_UNGUARDED_AVAILABILITY = YES_AGGRESSIVE;
				CLANG_WARN_UNREACHABLE_CODE = YES;
				CLANG_WARN__DUPLICATE_METHOD_MATCH = YES;
				CODE_SIGN_IDENTITY = "iPhone Developer";
				COPY_PHASE_STRIP = NO;
				DEBUG_INFORMATION_FORMAT = dwarf;
				ENABLE_STRICT_OBJC_MSGSEND = YES;
				ENABLE_TESTABILITY = YES;
				GCC_C_LANGUAGE_STANDARD = gnu11;
				GCC_DYNAMIC_NO_PIC = NO;
				GCC_NO_COMMON_BLOCKS = YES;
				GCC_OPTIMIZATION_LEVEL = 0;
				GCC_PREPROCESSOR_DEFINITIONS = (
					"DEBUG=1",
					"$(inherited)",
				);
				GCC_WARN_64_TO_32_BIT_CONVERSION = YES;
				GCC_WARN_ABOUT_RETURN_TYPE = YES_ERROR;
				GCC_WARN_UNDECLARED_SELECTOR = YES;
				GCC_WARN_UNINITIALIZED_AUTOS = YES_AGGRESSIVE;
				GCC_WARN_UNUSED_FUNCTION = YES;
				GCC_WARN_UNUSED_VARIABLE = YES;
				IPHONEOS_DEPLOYMENT_TARGET = 12.4;
				MTL_ENABLE_DEBUG_INFO = INCLUDE_SOURCE;
				MTL_FAST_MATH = YES;
				ONLY_ACTIVE_ARCH = YES;
				SDKROOT = iphoneos;
				SWIFT_ACTIVE_COMPILATION_CONDITIONS = DEBUG;
				SWIFT_OPTIMIZATION_LEVEL = "-Onone";
			};
			name = Debug;
		};
		6C50AE4823BBFFF70078AA34 /* Release */ = {
			isa = XCBuildConfiguration;
			buildSettings = {
				ALWAYS_SEARCH_USER_PATHS = NO;
				CLANG_ANALYZER_NONNULL = YES;
				CLANG_ANALYZER_NUMBER_OBJECT_CONVERSION = YES_AGGRESSIVE;
				CLANG_CXX_LANGUAGE_STANDARD = "gnu++14";
				CLANG_CXX_LIBRARY = "libc++";
				CLANG_ENABLE_MODULES = YES;
				CLANG_ENABLE_OBJC_ARC = YES;
				CLANG_ENABLE_OBJC_WEAK = YES;
				CLANG_WARN_BLOCK_CAPTURE_AUTORELEASING = YES;
				CLANG_WARN_BOOL_CONVERSION = YES;
				CLANG_WARN_COMMA = YES;
				CLANG_WARN_CONSTANT_CONVERSION = YES;
				CLANG_WARN_DEPRECATED_OBJC_IMPLEMENTATIONS = YES;
				CLANG_WARN_DIRECT_OBJC_ISA_USAGE = YES_ERROR;
				CLANG_WARN_DOCUMENTATION_COMMENTS = YES;
				CLANG_WARN_EMPTY_BODY = YES;
				CLANG_WARN_ENUM_CONVERSION = YES;
				CLANG_WARN_INFINITE_RECURSION = YES;
				CLANG_WARN_INT_CONVERSION = YES;
				CLANG_WARN_NON_LITERAL_NULL_CONVERSION = YES;
				CLANG_WARN_OBJC_IMPLICIT_RETAIN_SELF = YES;
				CLANG_WARN_OBJC_LITERAL_CONVERSION = YES;
				CLANG_WARN_OBJC_ROOT_CLASS = YES_ERROR;
				CLANG_WARN_RANGE_LOOP_ANALYSIS = YES;
				CLANG_WARN_STRICT_PROTOTYPES = YES;
				CLANG_WARN_SUSPICIOUS_MOVE = YES;
				CLANG_WARN_UNGUARDED_AVAILABILITY = YES_AGGRESSIVE;
				CLANG_WARN_UNREACHABLE_CODE = YES;
				CLANG_WARN__DUPLICATE_METHOD_MATCH = YES;
				CODE_SIGN_IDENTITY = "iPhone Developer";
				COPY_PHASE_STRIP = NO;
				DEBUG_INFORMATION_FORMAT = "dwarf-with-dsym";
				ENABLE_NS_ASSERTIONS = NO;
				ENABLE_STRICT_OBJC_MSGSEND = YES;
				GCC_C_LANGUAGE_STANDARD = gnu11;
				GCC_NO_COMMON_BLOCKS = YES;
				GCC_WARN_64_TO_32_BIT_CONVERSION = YES;
				GCC_WARN_ABOUT_RETURN_TYPE = YES_ERROR;
				GCC_WARN_UNDECLARED_SELECTOR = YES;
				GCC_WARN_UNINITIALIZED_AUTOS = YES_AGGRESSIVE;
				GCC_WARN_UNUSED_FUNCTION = YES;
				GCC_WARN_UNUSED_VARIABLE = YES;
				IPHONEOS_DEPLOYMENT_TARGET = 12.4;
				MTL_ENABLE_DEBUG_INFO = NO;
				MTL_FAST_MATH = YES;
				SDKROOT = iphoneos;
				SWIFT_COMPILATION_MODE = wholemodule;
				SWIFT_OPTIMIZATION_LEVEL = "-O";
				VALIDATE_PRODUCT = YES;
			};
			name = Release;
		};
		6C50AE4A23BBFFF70078AA34 /* Debug */ = {
			isa = XCBuildConfiguration;
			baseConfigurationReference = AFF49CC754B3809F34233195 /* Pods-CurrencyConverter.debug.xcconfig */;
			buildSettings = {
				ASSETCATALOG_COMPILER_APPICON_NAME = AppIcon;
				CODE_SIGN_STYLE = Automatic;
				INFOPLIST_FILE = CurrencyConverter/Info.plist;
				LD_RUNPATH_SEARCH_PATHS = (
					"$(inherited)",
					"@executable_path/Frameworks",
				);
				PRODUCT_BUNDLE_IDENTIFIER = abuzeid.CurrencyConverter;
				PRODUCT_NAME = "$(TARGET_NAME)";
				SWIFT_VERSION = 5.0;
				TARGETED_DEVICE_FAMILY = "1,2";
			};
			name = Debug;
		};
		6C50AE4B23BBFFF70078AA34 /* Release */ = {
			isa = XCBuildConfiguration;
			baseConfigurationReference = A311CB9BEED43BA7F87EB4B2 /* Pods-CurrencyConverter.release.xcconfig */;
			buildSettings = {
				ASSETCATALOG_COMPILER_APPICON_NAME = AppIcon;
				CODE_SIGN_STYLE = Automatic;
				INFOPLIST_FILE = CurrencyConverter/Info.plist;
				LD_RUNPATH_SEARCH_PATHS = (
					"$(inherited)",
					"@executable_path/Frameworks",
				);
				PRODUCT_BUNDLE_IDENTIFIER = abuzeid.CurrencyConverter;
				PRODUCT_NAME = "$(TARGET_NAME)";
				SWIFT_VERSION = 5.0;
				TARGETED_DEVICE_FAMILY = "1,2";
			};
			name = Release;
		};
		6C50AE4D23BBFFF70078AA34 /* Debug */ = {
			isa = XCBuildConfiguration;
			baseConfigurationReference = 51A3885DDB7CCA328B6BBF80 /* Pods-CurrencyConverterTests.debug.xcconfig */;
			buildSettings = {
				ALWAYS_EMBED_SWIFT_STANDARD_LIBRARIES = YES;
				BUNDLE_LOADER = "$(TEST_HOST)";
				CODE_SIGN_STYLE = Automatic;
				INFOPLIST_FILE = CurrencyConverterTests/Info.plist;
				LD_RUNPATH_SEARCH_PATHS = (
					"$(inherited)",
					"@executable_path/Frameworks",
					"@loader_path/Frameworks",
				);
				PRODUCT_BUNDLE_IDENTIFIER = abuzeid.CurrencyConverterTests;
				PRODUCT_NAME = "$(TARGET_NAME)";
				SWIFT_VERSION = 5.0;
				TARGETED_DEVICE_FAMILY = "1,2";
				TEST_HOST = "$(BUILT_PRODUCTS_DIR)/CurrencyConverter.app/CurrencyConverter";
			};
			name = Debug;
		};
		6C50AE4E23BBFFF70078AA34 /* Release */ = {
			isa = XCBuildConfiguration;
			baseConfigurationReference = F5D65E0D00897C3D2145588D /* Pods-CurrencyConverterTests.release.xcconfig */;
			buildSettings = {
				ALWAYS_EMBED_SWIFT_STANDARD_LIBRARIES = YES;
				BUNDLE_LOADER = "$(TEST_HOST)";
				CODE_SIGN_STYLE = Automatic;
				INFOPLIST_FILE = CurrencyConverterTests/Info.plist;
				LD_RUNPATH_SEARCH_PATHS = (
					"$(inherited)",
					"@executable_path/Frameworks",
					"@loader_path/Frameworks",
				);
				PRODUCT_BUNDLE_IDENTIFIER = abuzeid.CurrencyConverterTests;
				PRODUCT_NAME = "$(TARGET_NAME)";
				SWIFT_VERSION = 5.0;
				TARGETED_DEVICE_FAMILY = "1,2";
				TEST_HOST = "$(BUILT_PRODUCTS_DIR)/CurrencyConverter.app/CurrencyConverter";
			};
			name = Release;
		};
/* End XCBuildConfiguration section */

/* Begin XCConfigurationList section */
		6C50AE2723BBFFF50078AA34 /* Build configuration list for PBXProject "CurrencyConverter" */ = {
			isa = XCConfigurationList;
			buildConfigurations = (
				6C50AE4723BBFFF70078AA34 /* Debug */,
				6C50AE4823BBFFF70078AA34 /* Release */,
			);
			defaultConfigurationIsVisible = 0;
			defaultConfigurationName = Release;
		};
		6C50AE4923BBFFF70078AA34 /* Build configuration list for PBXNativeTarget "CurrencyConverter" */ = {
			isa = XCConfigurationList;
			buildConfigurations = (
				6C50AE4A23BBFFF70078AA34 /* Debug */,
				6C50AE4B23BBFFF70078AA34 /* Release */,
			);
			defaultConfigurationIsVisible = 0;
			defaultConfigurationName = Release;
		};
		6C50AE4C23BBFFF70078AA34 /* Build configuration list for PBXNativeTarget "CurrencyConverterTests" */ = {
			isa = XCConfigurationList;
			buildConfigurations = (
				6C50AE4D23BBFFF70078AA34 /* Debug */,
				6C50AE4E23BBFFF70078AA34 /* Release */,
			);
			defaultConfigurationIsVisible = 0;
			defaultConfigurationName = Release;
		};
/* End XCConfigurationList section */
	};
	rootObject = 6C50AE2423BBFFF50078AA34 /* Project object */;
}
